// !$*UTF8*$!
{
	archiveVersion = 1;
	classes = {
	};
	objectVersion = 46;
	objects = {

/* Begin PBXBuildFile section */
		1842B91D1EC1F316000DC5C8 /* Test.m in Sources */ = {isa = PBXBuildFile; fileRef = 1842B91C1EC1F316000DC5C8 /* Test.m */; };
		370F38E61EC0401500475B3B /* main.m in Sources */ = {isa = PBXBuildFile; fileRef = 370F38E51EC0401500475B3B /* main.m */; };
		370F38E91EC0401500475B3B /* AppDelegate.m in Sources */ = {isa = PBXBuildFile; fileRef = 370F38E81EC0401500475B3B /* AppDelegate.m */; };
		370F38EC1EC0401500475B3B /* ViewController.m in Sources */ = {isa = PBXBuildFile; fileRef = 370F38EB1EC0401500475B3B /* ViewController.m */; };
		370F38EF1EC0401500475B3B /* Main.storyboard in Resources */ = {isa = PBXBuildFile; fileRef = 370F38ED1EC0401500475B3B /* Main.storyboard */; };
		370F38F11EC0401500475B3B /* Assets.xcassets in Resources */ = {isa = PBXBuildFile; fileRef = 370F38F01EC0401500475B3B /* Assets.xcassets */; };
		370F38F41EC0401500475B3B /* LaunchScreen.storyboard in Resources */ = {isa = PBXBuildFile; fileRef = 370F38F21EC0401500475B3B /* LaunchScreen.storyboard */; };
		370F38FF1EC0401500475B3B /* CocoaPodsDemoTests.m in Sources */ = {isa = PBXBuildFile; fileRef = 370F38FE1EC0401500475B3B /* CocoaPodsDemoTests.m */; };
		370F390A1EC0401500475B3B /* CocoaPodsDemoUITests.m in Sources */ = {isa = PBXBuildFile; fileRef = 370F39091EC0401500475B3B /* CocoaPodsDemoUITests.m */; };
		37B09EBC1EC0655D00B04C32 /* iOS_Network.png in Resources */ = {isa = PBXBuildFile; fileRef = 37B09EBB1EC0655D00B04C32 /* iOS_Network.png */; };
/* End PBXBuildFile section */

/* Begin PBXContainerItemProxy section */
		370F38FB1EC0401500475B3B /* PBXContainerItemProxy */ = {
			isa = PBXContainerItemProxy;
			containerPortal = 370F38D91EC0401500475B3B /* Project object */;
			proxyType = 1;
			remoteGlobalIDString = 370F38E01EC0401500475B3B;
			remoteInfo = CocoaPodsDemo;
		};
		370F39061EC0401500475B3B /* PBXContainerItemProxy */ = {
			isa = PBXContainerItemProxy;
			containerPortal = 370F38D91EC0401500475B3B /* Project object */;
			proxyType = 1;
			remoteGlobalIDString = 370F38E01EC0401500475B3B;
			remoteInfo = CocoaPodsDemo;
		};
/* End PBXContainerItemProxy section */

/* Begin PBXFileReference section */
		1842B91B1EC1F316000DC5C8 /* Test.h */ = {isa = PBXFileReference; fileEncoding = 4; lastKnownFileType = sourcecode.c.h; path = Test.h; sourceTree = "<group>"; };
		1842B91C1EC1F316000DC5C8 /* Test.m */ = {isa = PBXFileReference; fileEncoding = 4; lastKnownFileType = sourcecode.c.objc; path = Test.m; sourceTree = "<group>"; };
		370F38E11EC0401500475B3B /* CocoaPodsDemo.app */ = {isa = PBXFileReference; explicitFileType = wrapper.application; includeInIndex = 0; path = CocoaPodsDemo.app; sourceTree = BUILT_PRODUCTS_DIR; };
		370F38E51EC0401500475B3B /* main.m */ = {isa = PBXFileReference; lastKnownFileType = sourcecode.c.objc; path = main.m; sourceTree = "<group>"; };
		370F38E71EC0401500475B3B /* AppDelegate.h */ = {isa = PBXFileReference; lastKnownFileType = sourcecode.c.h; path = AppDelegate.h; sourceTree = "<group>"; };
		370F38E81EC0401500475B3B /* AppDelegate.m */ = {isa = PBXFileReference; lastKnownFileType = sourcecode.c.objc; path = AppDelegate.m; sourceTree = "<group>"; };
		370F38EA1EC0401500475B3B /* ViewController.h */ = {isa = PBXFileReference; lastKnownFileType = sourcecode.c.h; path = ViewController.h; sourceTree = "<group>"; };
		370F38EB1EC0401500475B3B /* ViewController.m */ = {isa = PBXFileReference; lastKnownFileType = sourcecode.c.objc; path = ViewController.m; sourceTree = "<group>"; };
		370F38EE1EC0401500475B3B /* Base */ = {isa = PBXFileReference; lastKnownFileType = file.storyboard; name = Base; path = Base.lproj/Main.storyboard; sourceTree = "<group>"; };
		370F38F01EC0401500475B3B /* Assets.xcassets */ = {isa = PBXFileReference; lastKnownFileType = folder.assetcatalog; path = Assets.xcassets; sourceTree = "<group>"; };
		370F38F31EC0401500475B3B /* Base */ = {isa = PBXFileReference; lastKnownFileType = file.storyboard; name = Base; path = Base.lproj/LaunchScreen.storyboard; sourceTree = "<group>"; };
		370F38F51EC0401500475B3B /* Info.plist */ = {isa = PBXFileReference; lastKnownFileType = text.plist.xml; path = Info.plist; sourceTree = "<group>"; };
		370F38FA1EC0401500475B3B /* CocoaPodsDemoTests.xctest */ = {isa = PBXFileReference; explicitFileType = wrapper.cfbundle; includeInIndex = 0; path = CocoaPodsDemoTests.xctest; sourceTree = BUILT_PRODUCTS_DIR; };
		370F38FE1EC0401500475B3B /* CocoaPodsDemoTests.m */ = {isa = PBXFileReference; lastKnownFileType = sourcecode.c.objc; path = CocoaPodsDemoTests.m; sourceTree = "<group>"; };
		370F39001EC0401500475B3B /* Info.plist */ = {isa = PBXFileReference; lastKnownFileType = text.plist.xml; path = Info.plist; sourceTree = "<group>"; };
		370F39051EC0401500475B3B /* CocoaPodsDemoUITests.xctest */ = {isa = PBXFileReference; explicitFileType = wrapper.cfbundle; includeInIndex = 0; path = CocoaPodsDemoUITests.xctest; sourceTree = BUILT_PRODUCTS_DIR; };
		370F39091EC0401500475B3B /* CocoaPodsDemoUITests.m */ = {isa = PBXFileReference; lastKnownFileType = sourcecode.c.objc; path = CocoaPodsDemoUITests.m; sourceTree = "<group>"; };
		370F390B1EC0401500475B3B /* Info.plist */ = {isa = PBXFileReference; lastKnownFileType = text.plist.xml; path = Info.plist; sourceTree = "<group>"; };
		37B09EBB1EC0655D00B04C32 /* iOS_Network.png */ = {isa = PBXFileReference; lastKnownFileType = image.png; path = iOS_Network.png; sourceTree = "<group>"; };
/* End PBXFileReference section */

/* Begin PBXFrameworksBuildPhase section */
		370F38DE1EC0401500475B3B /* Frameworks */ = {
			isa = PBXFrameworksBuildPhase;
			buildActionMask = 2147483647;
			files = (
			);
			runOnlyForDeploymentPostprocessing = 0;
		};
		370F38F71EC0401500475B3B /* Frameworks */ = {
			isa = PBXFrameworksBuildPhase;
			buildActionMask = 2147483647;
			files = (
			);
			runOnlyForDeploymentPostprocessing = 0;
		};
		370F39021EC0401500475B3B /* Frameworks */ = {
			isa = PBXFrameworksBuildPhase;
			buildActionMask = 2147483647;
			files = (
			);
			runOnlyForDeploymentPostprocessing = 0;
		};
/* End PBXFrameworksBuildPhase section */

/* Begin PBXGroup section */
		370F38D81EC0401500475B3B = {
			isa = PBXGroup;
			children = (
				370F38E31EC0401500475B3B /* CocoaPodsDemo */,
				370F38FD1EC0401500475B3B /* CocoaPodsDemoTests */,
				370F39081EC0401500475B3B /* CocoaPodsDemoUITests */,
				370F38E21EC0401500475B3B /* Products */,
			);
			sourceTree = "<group>";
		};
		370F38E21EC0401500475B3B /* Products */ = {
			isa = PBXGroup;
			children = (
				370F38E11EC0401500475B3B /* CocoaPodsDemo.app */,
				370F38FA1EC0401500475B3B /* CocoaPodsDemoTests.xctest */,
				370F39051EC0401500475B3B /* CocoaPodsDemoUITests.xctest */,
			);
			name = Products;
			sourceTree = "<group>";
		};
		370F38E31EC0401500475B3B /* CocoaPodsDemo */ = {
			isa = PBXGroup;
			children = (
				37B09EB81EC05E2900B04C32 /* Resources */,
				370F38E71EC0401500475B3B /* AppDelegate.h */,
				370F38E81EC0401500475B3B /* AppDelegate.m */,
				370F38EA1EC0401500475B3B /* ViewController.h */,
				370F38EB1EC0401500475B3B /* ViewController.m */,
				370F38ED1EC0401500475B3B /* Main.storyboard */,
				370F38F01EC0401500475B3B /* Assets.xcassets */,
				370F38F21EC0401500475B3B /* LaunchScreen.storyboard */,
				370F38F51EC0401500475B3B /* Info.plist */,
				370F38E41EC0401500475B3B /* Supporting Files */,
				1842B91B1EC1F316000DC5C8 /* Test.h */,
				1842B91C1EC1F316000DC5C8 /* Test.m */,
			);
			path = CocoaPodsDemo;
			sourceTree = "<group>";
		};
		370F38E41EC0401500475B3B /* Supporting Files */ = {
			isa = PBXGroup;
			children = (
				370F38E51EC0401500475B3B /* main.m */,
			);
			name = "Supporting Files";
			sourceTree = "<group>";
		};
		370F38FD1EC0401500475B3B /* CocoaPodsDemoTests */ = {
			isa = PBXGroup;
			children = (
				370F38FE1EC0401500475B3B /* CocoaPodsDemoTests.m */,
				370F39001EC0401500475B3B /* Info.plist */,
			);
			path = CocoaPodsDemoTests;
			sourceTree = "<group>";
		};
		370F39081EC0401500475B3B /* CocoaPodsDemoUITests */ = {
			isa = PBXGroup;
			children = (
				370F39091EC0401500475B3B /* CocoaPodsDemoUITests.m */,
				370F390B1EC0401500475B3B /* Info.plist */,
			);
			path = CocoaPodsDemoUITests;
			sourceTree = "<group>";
		};
		37B09EB81EC05E2900B04C32 /* Resources */ = {
			isa = PBXGroup;
			children = (
				37B09EBB1EC0655D00B04C32 /* iOS_Network.png */,
			);
			path = Resources;
			sourceTree = "<group>";
		};
/* End PBXGroup section */

/* Begin PBXNativeTarget section */
		370F38E01EC0401500475B3B /* CocoaPodsDemo */ = {
			isa = PBXNativeTarget;
			buildConfigurationList = 370F390E1EC0401500475B3B /* Build configuration list for PBXNativeTarget "CocoaPodsDemo" */;
			buildPhases = (
				370F38DD1EC0401500475B3B /* Sources */,
				370F38DE1EC0401500475B3B /* Frameworks */,
				370F38DF1EC0401500475B3B /* Resources */,
			);
			buildRules = (
			);
			dependencies = (
			);
			name = CocoaPodsDemo;
			productName = CocoaPodsDemo;
			productReference = 370F38E11EC0401500475B3B /* CocoaPodsDemo.app */;
			productType = "com.apple.product-type.application";
		};
		370F38F91EC0401500475B3B /* CocoaPodsDemoTests */ = {
			isa = PBXNativeTarget;
			buildConfigurationList = 370F39111EC0401500475B3B /* Build configuration list for PBXNativeTarget "CocoaPodsDemoTests" */;
			buildPhases = (
				370F38F61EC0401500475B3B /* Sources */,
				370F38F71EC0401500475B3B /* Frameworks */,
				370F38F81EC0401500475B3B /* Resources */,
			);
			buildRules = (
			);
			dependencies = (
				370F38FC1EC0401500475B3B /* PBXTargetDependency */,
			);
			name = CocoaPodsDemoTests;
			productName = CocoaPodsDemoTests;
			productReference = 370F38FA1EC0401500475B3B /* CocoaPodsDemoTests.xctest */;
			productType = "com.apple.product-type.bundle.unit-test";
		};
		370F39041EC0401500475B3B /* CocoaPodsDemoUITests */ = {
			isa = PBXNativeTarget;
			buildConfigurationList = 370F39141EC0401500475B3B /* Build configuration list for PBXNativeTarget "CocoaPodsDemoUITests" */;
			buildPhases = (
				370F39011EC0401500475B3B /* Sources */,
				370F39021EC0401500475B3B /* Frameworks */,
				370F39031EC0401500475B3B /* Resources */,
			);
			buildRules = (
			);
			dependencies = (
				370F39071EC0401500475B3B /* PBXTargetDependency */,
			);
			name = CocoaPodsDemoUITests;
			productName = CocoaPodsDemoUITests;
			productReference = 370F39051EC0401500475B3B /* CocoaPodsDemoUITests.xctest */;
			productType = "com.apple.product-type.bundle.ui-testing";
		};
/* End PBXNativeTarget section */

/* Begin PBXProject section */
		370F38D91EC0401500475B3B /* Project object */ = {
			isa = PBXProject;
			attributes = {
				LastUpgradeCheck = 0830;
				ORGANIZATIONNAME = 58;
				TargetAttributes = {
					370F38E01EC0401500475B3B = {
						CreatedOnToolsVersion = 8.3.1;
						ProvisioningStyle = Automatic;
					};
					370F38F91EC0401500475B3B = {
						CreatedOnToolsVersion = 8.3.1;
						ProvisioningStyle = Automatic;
						TestTargetID = 370F38E01EC0401500475B3B;
					};
					370F39041EC0401500475B3B = {
						CreatedOnToolsVersion = 8.3.1;
						ProvisioningStyle = Automatic;
						TestTargetID = 370F38E01EC0401500475B3B;
					};
				};
			};
			buildConfigurationList = 370F38DC1EC0401500475B3B /* Build configuration list for PBXProject "CocoaPodsDemo" */;
			compatibilityVersion = "Xcode 3.2";
			developmentRegion = English;
			hasScannedForEncodings = 0;
			knownRegions = (
				en,
				Base,
			);
			mainGroup = 370F38D81EC0401500475B3B;
			productRefGroup = 370F38E21EC0401500475B3B /* Products */;
			projectDirPath = "";
			projectRoot = "";
			targets = (
				370F38E01EC0401500475B3B /* CocoaPodsDemo */,
				370F38F91EC0401500475B3B /* CocoaPodsDemoTests */,
				370F39041EC0401500475B3B /* CocoaPodsDemoUITests */,
			);
		};
/* End PBXProject section */

/* Begin PBXResourcesBuildPhase section */
		370F38DF1EC0401500475B3B /* Resources */ = {
			isa = PBXResourcesBuildPhase;
			buildActionMask = 2147483647;
			files = (
				370F38F41EC0401500475B3B /* LaunchScreen.storyboard in Resources */,
				370F38F11EC0401500475B3B /* Assets.xcassets in Resources */,
				37B09EBC1EC0655D00B04C32 /* iOS_Network.png in Resources */,
				370F38EF1EC0401500475B3B /* Main.storyboard in Resources */,
			);
			runOnlyForDeploymentPostprocessing = 0;
		};
		370F38F81EC0401500475B3B /* Resources */ = {
			isa = PBXResourcesBuildPhase;
			buildActionMask = 2147483647;
			files = (
			);
			runOnlyForDeploymentPostprocessing = 0;
		};
		370F39031EC0401500475B3B /* Resources */ = {
			isa = PBXResourcesBuildPhase;
			buildActionMask = 2147483647;
			files = (
			);
			runOnlyForDeploymentPostprocessing = 0;
		};
/* End PBXResourcesBuildPhase section */

/* Begin PBXSourcesBuildPhase section */
		370F38DD1EC0401500475B3B /* Sources */ = {
			isa = PBXSourcesBuildPhase;
			buildActionMask = 2147483647;
			files = (
				370F38EC1EC0401500475B3B /* ViewController.m in Sources */,
				1842B91D1EC1F316000DC5C8 /* Test.m in Sources */,
				370F38E91EC0401500475B3B /* AppDelegate.m in Sources */,
				370F38E61EC0401500475B3B /* main.m in Sources */,
			);
			runOnlyForDeploymentPostprocessing = 0;
		};
		370F38F61EC0401500475B3B /* Sources */ = {
			isa = PBXSourcesBuildPhase;
			buildActionMask = 2147483647;
			files = (
				370F38FF1EC0401500475B3B /* CocoaPodsDemoTests.m in Sources */,
			);
			runOnlyForDeploymentPostprocessing = 0;
		};
		370F39011EC0401500475B3B /* Sources */ = {
			isa = PBXSourcesBuildPhase;
			buildActionMask = 2147483647;
			files = (
				370F390A1EC0401500475B3B /* CocoaPodsDemoUITests.m in Sources */,
			);
			runOnlyForDeploymentPostprocessing = 0;
		};
/* End PBXSourcesBuildPhase section */

/* Begin PBXTargetDependency section */
		370F38FC1EC0401500475B3B /* PBXTargetDependency */ = {
			isa = PBXTargetDependency;
			target = 370F38E01EC0401500475B3B /* CocoaPodsDemo */;
			targetProxy = 370F38FB1EC0401500475B3B /* PBXContainerItemProxy */;
		};
		370F39071EC0401500475B3B /* PBXTargetDependency */ = {
			isa = PBXTargetDependency;
			target = 370F38E01EC0401500475B3B /* CocoaPodsDemo */;
			targetProxy = 370F39061EC0401500475B3B /* PBXContainerItemProxy */;
		};
/* End PBXTargetDependency section */

/* Begin PBXVariantGroup section */
		370F38ED1EC0401500475B3B /* Main.storyboard */ = {
			isa = PBXVariantGroup;
			children = (
				370F38EE1EC0401500475B3B /* Base */,
			);
			name = Main.storyboard;
			sourceTree = "<group>";
		};
		370F38F21EC0401500475B3B /* LaunchScreen.storyboard */ = {
			isa = PBXVariantGroup;
			children = (
				370F38F31EC0401500475B3B /* Base */,
			);
			name = LaunchScreen.storyboard;
			sourceTree = "<group>";
		};
/* End PBXVariantGroup section */

/* Begin XCBuildConfiguration section */
		370F390C1EC0401500475B3B /* Debug */ = {
			isa = XCBuildConfiguration;
			buildSettings = {
				ALWAYS_SEARCH_USER_PATHS = NO;
				CLANG_ANALYZER_NONNULL = YES;
				CLANG_ANALYZER_NUMBER_OBJECT_CONVERSION = YES_AGGRESSIVE;
				CLANG_CXX_LANGUAGE_STANDARD = "gnu++0x";
				CLANG_CXX_LIBRARY = "libc++";
				CLANG_ENABLE_MODULES = YES;
				CLANG_ENABLE_OBJC_ARC = YES;
				CLANG_WARN_BOOL_CONVERSION = YES;
				CLANG_WARN_CONSTANT_CONVERSION = YES;
				CLANG_WARN_DIRECT_OBJC_ISA_USAGE = YES_ERROR;
				CLANG_WARN_DOCUMENTATION_COMMENTS = YES;
				CLANG_WARN_EMPTY_BODY = YES;
				CLANG_WARN_ENUM_CONVERSION = YES;
				CLANG_WARN_INFINITE_RECURSION = YES;
				CLANG_WARN_INT_CONVERSION = YES;
				CLANG_WARN_OBJC_ROOT_CLASS = YES_ERROR;
				CLANG_WARN_SUSPICIOUS_MOVE = YES;
				CLANG_WARN_UNREACHABLE_CODE = YES;
				CLANG_WARN__DUPLICATE_METHOD_MATCH = YES;
				"CODE_SIGN_IDENTITY[sdk=iphoneos*]" = "iPhone Developer";
				COPY_PHASE_STRIP = NO;
				DEBUG_INFORMATION_FORMAT = dwarf;
				ENABLE_STRICT_OBJC_MSGSEND = YES;
				ENABLE_TESTABILITY = YES;
				GCC_C_LANGUAGE_STANDARD = gnu99;
				GCC_DYNAMIC_NO_PIC = NO;
				GCC_NO_COMMON_BLOCKS = YES;
				GCC_OPTIMIZATION_LEVEL = 0;
				GCC_PREPROCESSOR_DEFINITIONS = (
					"DEBUG=1",
					"$(inherited)",
				);
				GCC_WARN_64_TO_32_BIT_CONVERSION = YES;
				GCC_WARN_ABOUT_RETURN_TYPE = YES_ERROR;
				GCC_WARN_UNDECLARED_SELECTOR = YES;
				GCC_WARN_UNINITIALIZED_AUTOS = YES_AGGRESSIVE;
				GCC_WARN_UNUSED_FUNCTION = YES;
				GCC_WARN_UNUSED_VARIABLE = YES;
				IPHONEOS_DEPLOYMENT_TARGET = 10.3;
				MTL_ENABLE_DEBUG_INFO = YES;
				ONLY_ACTIVE_ARCH = YES;
				SDKROOT = iphoneos;
			};
			name = Debug;
		};
		370F390D1EC0401500475B3B /* Release */ = {
			isa = XCBuildConfiguration;
			buildSettings = {
				ALWAYS_SEARCH_USER_PATHS = NO;
				CLANG_ANALYZER_NONNULL = YES;
				CLANG_ANALYZER_NUMBER_OBJECT_CONVERSION = YES_AGGRESSIVE;
				CLANG_CXX_LANGUAGE_STANDARD = "gnu++0x";
				CLANG_CXX_LIBRARY = "libc++";
				CLANG_ENABLE_MODULES = YES;
				CLANG_ENABLE_OBJC_ARC = YES;
				CLANG_WARN_BOOL_CONVERSION = YES;
				CLANG_WARN_CONSTANT_CONVERSION = YES;
				CLANG_WARN_DIRECT_OBJC_ISA_USAGE = YES_ERROR;
				CLANG_WARN_DOCUMENTATION_COMMENTS = YES;
				CLANG_WARN_EMPTY_BODY = YES;
				CLANG_WARN_ENUM_CONVERSION = YES;
				CLANG_WARN_INFINITE_RECURSION = YES;
				CLANG_WARN_INT_CONVERSION = YES;
				CLANG_WARN_OBJC_ROOT_CLASS = YES_ERROR;
				CLANG_WARN_SUSPICIOUS_MOVE = YES;
				CLANG_WARN_UNREACHABLE_CODE = YES;
				CLANG_WARN__DUPLICATE_METHOD_MATCH = YES;
				"CODE_SIGN_IDENTITY[sdk=iphoneos*]" = "iPhone Developer";
				COPY_PHASE_STRIP = NO;
				DEBUG_INFORMATION_FORMAT = "dwarf-with-dsym";
				ENABLE_NS_ASSERTIONS = NO;
				ENABLE_STRICT_OBJC_MSGSEND = YES;
				GCC_C_LANGUAGE_STANDARD = gnu99;
				GCC_NO_COMMON_BLOCKS = YES;
				GCC_WARN_64_TO_32_BIT_CONVERSION = YES;
				GCC_WARN_ABOUT_RETURN_TYPE = YES_ERROR;
				GCC_WARN_UNDECLARED_SELECTOR = YES;
				GCC_WARN_UNINITIALIZED_AUTOS = YES_AGGRESSIVE;
				GCC_WARN_UNUSED_FUNCTION = YES;
				GCC_WARN_UNUSED_VARIABLE = YES;
				IPHONEOS_DEPLOYMENT_TARGET = 10.3;
				MTL_ENABLE_DEBUG_INFO = NO;
				SDKROOT = iphoneos;
				VALIDATE_PRODUCT = YES;
			};
			name = Release;
		};
		370F390F1EC0401500475B3B /* Debug */ = {
			isa = XCBuildConfiguration;
			buildSettings = {
				ASSETCATALOG_COMPILER_APPICON_NAME = AppIcon;
				INFOPLIST_FILE = CocoaPodsDemo/Info.plist;
				LD_RUNPATH_SEARCH_PATHS = "$(inherited) @executable_path/Frameworks";
				PRODUCT_BUNDLE_IDENTIFIER = cn.com.58.CocoaPodsDemo;
				PRODUCT_NAME = "$(TARGET_NAME)";
			};
			name = Debug;
		};
		370F39101EC0401500475B3B /* Release */ = {
			isa = XCBuildConfiguration;
			buildSettings = {
				ASSETCATALOG_COMPILER_APPICON_NAME = AppIcon;
				INFOPLIST_FILE = CocoaPodsDemo/Info.plist;
				LD_RUNPATH_SEARCH_PATHS = "$(inherited) @executable_path/Frameworks";
				PRODUCT_BUNDLE_IDENTIFIER = cn.com.58.CocoaPodsDemo;
				PRODUCT_NAME = "$(TARGET_NAME)";
			};
			name = Release;
		};
		370F39121EC0401500475B3B /* Debug */ = {
			isa = XCBuildConfiguration;
			buildSettings = {
				BUNDLE_LOADER = "$(TEST_HOST)";
				INFOPLIST_FILE = CocoaPodsDemoTests/Info.plist;
				LD_RUNPATH_SEARCH_PATHS = "$(inherited) @executable_path/Frameworks @loader_path/Frameworks";
				PRODUCT_BUNDLE_IDENTIFIER = cn.com.58.CocoaPodsDemoTests;
				PRODUCT_NAME = "$(TARGET_NAME)";
				TEST_HOST = "$(BUILT_PRODUCTS_DIR)/CocoaPodsDemo.app/CocoaPodsDemo";
			};
			name = Debug;
		};
		370F39131EC0401500475B3B /* Release */ = {
			isa = XCBuildConfiguration;
			buildSettings = {
				BUNDLE_LOADER = "$(TEST_HOST)";
				INFOPLIST_FILE = CocoaPodsDemoTests/Info.plist;
				LD_RUNPATH_SEARCH_PATHS = "$(inherited) @executable_path/Frameworks @loader_path/Frameworks";
				PRODUCT_BUNDLE_IDENTIFIER = cn.com.58.CocoaPodsDemoTests;
				PRODUCT_NAME = "$(TARGET_NAME)";
				TEST_HOST = "$(BUILT_PRODUCTS_DIR)/CocoaPodsDemo.app/CocoaPodsDemo";
			};
			name = Release;
		};
		370F39151EC0401500475B3B /* Debug */ = {
			isa = XCBuildConfiguration;
			buildSettings = {
				INFOPLIST_FILE = CocoaPodsDemoUITests/Info.plist;
				LD_RUNPATH_SEARCH_PATHS = "$(inherited) @executable_path/Frameworks @loader_path/Frameworks";
				PRODUCT_BUNDLE_IDENTIFIER = cn.com.58.CocoaPodsDemoUITests;
				PRODUCT_NAME = "$(TARGET_NAME)";
				TEST_TARGET_NAME = CocoaPodsDemo;
			};
			name = Debug;
		};
		370F39161EC0401500475B3B /* Release */ = {
			isa = XCBuildConfiguration;
			buildSettings = {
				INFOPLIST_FILE = CocoaPodsDemoUITests/Info.plist;
				LD_RUNPATH_SEARCH_PATHS = "$(inherited) @executable_path/Frameworks @loader_path/Frameworks";
				PRODUCT_BUNDLE_IDENTIFIER = cn.com.58.CocoaPodsDemoUITests;
				PRODUCT_NAME = "$(TARGET_NAME)";
				TEST_TARGET_NAME = CocoaPodsDemo;
			};
			name = Release;
		};
/* End XCBuildConfiguration section */

/* Begin XCConfigurationList section */
		370F38DC1EC0401500475B3B /* Build configuration list for PBXProject "CocoaPodsDemo" */ = {
			isa = XCConfigurationList;
			buildConfigurations = (
				370F390C1EC0401500475B3B /* Debug */,
				370F390D1EC0401500475B3B /* Release */,
			);
			defaultConfigurationIsVisible = 0;
			defaultConfigurationName = Release;
		};
		370F390E1EC0401500475B3B /* Build configuration list for PBXNativeTarget "CocoaPodsDemo" */ = {
			isa = XCConfigurationList;
			buildConfigurations = (
				370F390F1EC0401500475B3B /* Debug */,
				370F39101EC0401500475B3B /* Release */,
			);
			defaultConfigurationIsVisible = 0;
			defaultConfigurationName = Release;
		};
		370F39111EC0401500475B3B /* Build configuration list for PBXNativeTarget "CocoaPodsDemoTests" */ = {
			isa = XCConfigurationList;
			buildConfigurations = (
				370F39121EC0401500475B3B /* Debug */,
				370F39131EC0401500475B3B /* Release */,
			);
			defaultConfigurationIsVisible = 0;
			defaultConfigurationName = Release;
		};
		370F39141EC0401500475B3B /* Build configuration list for PBXNativeTarget "CocoaPodsDemoUITests" */ = {
			isa = XCConfigurationList;
			buildConfigurations = (
				370F39151EC0401500475B3B /* Debug */,
				370F39161EC0401500475B3B /* Release */,
			);
			defaultConfigurationIsVisible = 0;
			defaultConfigurationName = Release;
		};
/* End XCConfigurationList section */
	};
	rootObject = 370F38D91EC0401500475B3B /* Project object */;
}
